// !$*UTF8*$!
{
	archiveVersion = 1;
	classes = {
	};
	objectVersion = 77;
	objects = {

/* Begin PBXBuildFile section */
		E4A5A31D2D77776D00631F4A /* Alamofire in Frameworks */ = {isa = PBXBuildFile; productRef = E4A5A31C2D77776D00631F4A /* Alamofire */; };
/* End PBXBuildFile section */

/* Begin PBXContainerItemProxy section */
		E4A5A2FF2D77773100631F4A /* PBXContainerItemProxy */ = {
			isa = PBXContainerItemProxy;
			containerPortal = E4A5A2E62D77772F00631F4A /* Project object */;
			proxyType = 1;
			remoteGlobalIDString = E4A5A2ED2D77772F00631F4A;
			remoteInfo = "Met Browser";
		};
		E4A5A3092D77773100631F4A /* PBXContainerItemProxy */ = {
			isa = PBXContainerItemProxy;
			containerPortal = E4A5A2E62D77772F00631F4A /* Project object */;
			proxyType = 1;
			remoteGlobalIDString = E4A5A2ED2D77772F00631F4A;
			remoteInfo = "Met Browser";
		};
/* End PBXContainerItemProxy section */

/* Begin PBXFileReference section */
		E4A5A2EE2D77772F00631F4A /* Met Browser.app */ = {isa = PBXFileReference; explicitFileType = wrapper.application; includeInIndex = 0; path = "Met Browser.app"; sourceTree = BUILT_PRODUCTS_DIR; };
		E4A5A2FE2D77773100631F4A /* Met BrowserTests.xctest */ = {isa = PBXFileReference; explicitFileType = wrapper.cfbundle; includeInIndex = 0; path = "Met BrowserTests.xctest"; sourceTree = BUILT_PRODUCTS_DIR; };
		E4A5A3082D77773100631F4A /* Met BrowserUITests.xctest */ = {isa = PBXFileReference; explicitFileType = wrapper.cfbundle; includeInIndex = 0; path = "Met BrowserUITests.xctest"; sourceTree = BUILT_PRODUCTS_DIR; };
/* End PBXFileReference section */

/* Begin PBXFileSystemSynchronizedRootGroup section */
		E4A5A2F02D77772F00631F4A /* Met Browser */ = {
			isa = PBXFileSystemSynchronizedRootGroup;
			path = "Met Browser";
			sourceTree = "<group>";
		};
		E4A5A3012D77773100631F4A /* Met BrowserTests */ = {
			isa = PBXFileSystemSynchronizedRootGroup;
			path = "Met BrowserTests";
			sourceTree = "<group>";
		};
		E4A5A30B2D77773100631F4A /* Met BrowserUITests */ = {
			isa = PBXFileSystemSynchronizedRootGroup;
			path = "Met BrowserUITests";
			sourceTree = "<group>";
		};
/* End PBXFileSystemSynchronizedRootGroup section */

/* Begin PBXFrameworksBuildPhase section */
		E4A5A2EB2D77772F00631F4A /* Frameworks */ = {
			isa = PBXFrameworksBuildPhase;
			buildActionMask = 2147483647;
			files = (
				E4A5A31D2D77776D00631F4A /* Alamofire in Frameworks */,
			);
			runOnlyForDeploymentPostprocessing = 0;
		};
		E4A5A2FB2D77773100631F4A /* Frameworks */ = {
			isa = PBXFrameworksBuildPhase;
			buildActionMask = 2147483647;
			files = (
			);
			runOnlyForDeploymentPostprocessing = 0;
		};
		E4A5A3052D77773100631F4A /* Frameworks */ = {
			isa = PBXFrameworksBuildPhase;
			buildActionMask = 2147483647;
			files = (
			);
			runOnlyForDeploymentPostprocessing = 0;
		};
/* End PBXFrameworksBuildPhase section */

/* Begin PBXGroup section */
		E4A5A2E52D77772F00631F4A = {
			isa = PBXGroup;
			children = (
				E4A5A2F02D77772F00631F4A /* Met Browser */,
				E4A5A3012D77773100631F4A /* Met BrowserTests */,
				E4A5A30B2D77773100631F4A /* Met BrowserUITests */,
				E4A5A2EF2D77772F00631F4A /* Products */,
			);
			sourceTree = "<group>";
		};
		E4A5A2EF2D77772F00631F4A /* Products */ = {
			isa = PBXGroup;
			children = (
				E4A5A2EE2D77772F00631F4A /* Met Browser.app */,
				E4A5A2FE2D77773100631F4A /* Met BrowserTests.xctest */,
				E4A5A3082D77773100631F4A /* Met BrowserUITests.xctest */,
			);
			name = Products;
			sourceTree = "<group>";
		};
/* End PBXGroup section */

/* Begin PBXNativeTarget section */
		E4A5A2ED2D77772F00631F4A /* Met Browser */ = {
			isa = PBXNativeTarget;
			buildConfigurationList = E4A5A3122D77773100631F4A /* Build configuration list for PBXNativeTarget "Met Browser" */;
			buildPhases = (
				E4A5A2EA2D77772F00631F4A /* Sources */,
				E4A5A2EB2D77772F00631F4A /* Frameworks */,
				E4A5A2EC2D77772F00631F4A /* Resources */,
			);
			buildRules = (
			);
			dependencies = (
			);
			fileSystemSynchronizedGroups = (
				E4A5A2F02D77772F00631F4A /* Met Browser */,
			);
			name = "Met Browser";
			packageProductDependencies = (
				E4A5A31C2D77776D00631F4A /* Alamofire */,
			);
			productName = "Met Browser";
			productReference = E4A5A2EE2D77772F00631F4A /* Met Browser.app */;
			productType = "com.apple.product-type.application";
		};
		E4A5A2FD2D77773100631F4A /* Met BrowserTests */ = {
			isa = PBXNativeTarget;
			buildConfigurationList = E4A5A3152D77773100631F4A /* Build configuration list for PBXNativeTarget "Met BrowserTests" */;
			buildPhases = (
				E4A5A2FA2D77773100631F4A /* Sources */,
				E4A5A2FB2D77773100631F4A /* Frameworks */,
				E4A5A2FC2D77773100631F4A /* Resources */,
			);
			buildRules = (
			);
			dependencies = (
				E4A5A3002D77773100631F4A /* PBXTargetDependency */,
			);
			fileSystemSynchronizedGroups = (
				E4A5A3012D77773100631F4A /* Met BrowserTests */,
			);
			name = "Met BrowserTests";
			packageProductDependencies = (
			);
			productName = "Met BrowserTests";
			productReference = E4A5A2FE2D77773100631F4A /* Met BrowserTests.xctest */;
			productType = "com.apple.product-type.bundle.unit-test";
		};
		E4A5A3072D77773100631F4A /* Met BrowserUITests */ = {
			isa = PBXNativeTarget;
			buildConfigurationList = E4A5A3182D77773100631F4A /* Build configuration list for PBXNativeTarget "Met BrowserUITests" */;
			buildPhases = (
				E4A5A3042D77773100631F4A /* Sources */,
				E4A5A3052D77773100631F4A /* Frameworks */,
				E4A5A3062D77773100631F4A /* Resources */,
			);
			buildRules = (
			);
			dependencies = (
				E4A5A30A2D77773100631F4A /* PBXTargetDependency */,
			);
			fileSystemSynchronizedGroups = (
				E4A5A30B2D77773100631F4A /* Met BrowserUITests */,
			);
			name = "Met BrowserUITests";
			packageProductDependencies = (
			);
			productName = "Met BrowserUITests";
			productReference = E4A5A3082D77773100631F4A /* Met BrowserUITests.xctest */;
			productType = "com.apple.product-type.bundle.ui-testing";
		};
/* End PBXNativeTarget section */

/* Begin PBXProject section */
		E4A5A2E62D77772F00631F4A /* Project object */ = {
			isa = PBXProject;
			attributes = {
				BuildIndependentTargetsInParallel = 1;
				LastSwiftUpdateCheck = 1620;
				LastUpgradeCheck = 1620;
				TargetAttributes = {
					E4A5A2ED2D77772F00631F4A = {
						CreatedOnToolsVersion = 16.2;
					};
					E4A5A2FD2D77773100631F4A = {
						CreatedOnToolsVersion = 16.2;
						TestTargetID = E4A5A2ED2D77772F00631F4A;
					};
					E4A5A3072D77773100631F4A = {
						CreatedOnToolsVersion = 16.2;
						TestTargetID = E4A5A2ED2D77772F00631F4A;
					};
				};
			};
			buildConfigurationList = E4A5A2E92D77772F00631F4A /* Build configuration list for PBXProject "Met Browser" */;
			developmentRegion = en;
			hasScannedForEncodings = 0;
			knownRegions = (
				en,
				Base,
			);
			mainGroup = E4A5A2E52D77772F00631F4A;
			minimizedProjectReferenceProxies = 1;
			packageReferences = (
				E4A5A31B2D77776D00631F4A /* XCRemoteSwiftPackageReference "Alamofire" */,
			);
			preferredProjectObjectVersion = 77;
			productRefGroup = E4A5A2EF2D77772F00631F4A /* Products */;
			projectDirPath = "";
			projectRoot = "";
			targets = (
				E4A5A2ED2D77772F00631F4A /* Met Browser */,
				E4A5A2FD2D77773100631F4A /* Met BrowserTests */,
				E4A5A3072D77773100631F4A /* Met BrowserUITests */,
			);
		};
/* End PBXProject section */

/* Begin PBXResourcesBuildPhase section */
		E4A5A2EC2D77772F00631F4A /* Resources */ = {
			isa = PBXResourcesBuildPhase;
			buildActionMask = 2147483647;
			files = (
			);
			runOnlyForDeploymentPostprocessing = 0;
		};
		E4A5A2FC2D77773100631F4A /* Resources */ = {
			isa = PBXResourcesBuildPhase;
			buildActionMask = 2147483647;
			files = (
			);
			runOnlyForDeploymentPostprocessing = 0;
		};
		E4A5A3062D77773100631F4A /* Resources */ = {
			isa = PBXResourcesBuildPhase;
			buildActionMask = 2147483647;
			files = (
			);
			runOnlyForDeploymentPostprocessing = 0;
		};
/* End PBXResourcesBuildPhase section */

/* Begin PBXSourcesBuildPhase section */
		E4A5A2EA2D77772F00631F4A /* Sources */ = {
			isa = PBXSourcesBuildPhase;
			buildActionMask = 2147483647;
			files = (
			);
			runOnlyForDeploymentPostprocessing = 0;
		};
		E4A5A2FA2D77773100631F4A /* Sources */ = {
			isa = PBXSourcesBuildPhase;
			buildActionMask = 2147483647;
			files = (
			);
			runOnlyForDeploymentPostprocessing = 0;
		};
		E4A5A3042D77773100631F4A /* Sources */ = {
			isa = PBXSourcesBuildPhase;
			buildActionMask = 2147483647;
			files = (
			);
			runOnlyForDeploymentPostprocessing = 0;
		};
/* End PBXSourcesBuildPhase section */

/* Begin PBXTargetDependency section */
		E4A5A3002D77773100631F4A /* PBXTargetDependency */ = {
			isa = PBXTargetDependency;
			target = E4A5A2ED2D77772F00631F4A /* Met Browser */;
			targetProxy = E4A5A2FF2D77773100631F4A /* PBXContainerItemProxy */;
		};
		E4A5A30A2D77773100631F4A /* PBXTargetDependency */ = {
			isa = PBXTargetDependency;
			target = E4A5A2ED2D77772F00631F4A /* Met Browser */;
			targetProxy = E4A5A3092D77773100631F4A /* PBXContainerItemProxy */;
		};
/* End PBXTargetDependency section */

/* Begin XCBuildConfiguration section */
		E4A5A3102D77773100631F4A /* Debug */ = {
			isa = XCBuildConfiguration;
			buildSettings = {
				ALWAYS_SEARCH_USER_PATHS = NO;
				ASSETCATALOG_COMPILER_GENERATE_SWIFT_ASSET_SYMBOL_EXTENSIONS = YES;
				CLANG_ANALYZER_NONNULL = YES;
				CLANG_ANALYZER_NUMBER_OBJECT_CONVERSION = YES_AGGRESSIVE;
				CLANG_CXX_LANGUAGE_STANDARD = "gnu++20";
				CLANG_ENABLE_MODULES = YES;
				CLANG_ENABLE_OBJC_ARC = YES;
				CLANG_ENABLE_OBJC_WEAK = YES;
				CLANG_WARN_BLOCK_CAPTURE_AUTORELEASING = YES;
				CLANG_WARN_BOOL_CONVERSION = YES;
				CLANG_WARN_COMMA = YES;
				CLANG_WARN_CONSTANT_CONVERSION = YES;
				CLANG_WARN_DEPRECATED_OBJC_IMPLEMENTATIONS = YES;
				CLANG_WARN_DIRECT_OBJC_ISA_USAGE = YES_ERROR;
				CLANG_WARN_DOCUMENTATION_COMMENTS = YES;
				CLANG_WARN_EMPTY_BODY = YES;
				CLANG_WARN_ENUM_CONVERSION = YES;
				CLANG_WARN_INFINITE_RECURSION = YES;
				CLANG_WARN_INT_CONVERSION = YES;
				CLANG_WARN_NON_LITERAL_NULL_CONVERSION = YES;
				CLANG_WARN_OBJC_IMPLICIT_RETAIN_SELF = YES;
				CLANG_WARN_OBJC_LITERAL_CONVERSION = YES;
				CLANG_WARN_OBJC_ROOT_CLASS = YES_ERROR;
				CLANG_WARN_QUOTED_INCLUDE_IN_FRAMEWORK_HEADER = YES;
				CLANG_WARN_RANGE_LOOP_ANALYSIS = YES;
				CLANG_WARN_STRICT_PROTOTYPES = YES;
				CLANG_WARN_SUSPICIOUS_MOVE = YES;
				CLANG_WARN_UNGUARDED_AVAILABILITY = YES_AGGRESSIVE;
				CLANG_WARN_UNREACHABLE_CODE = YES;
				CLANG_WARN__DUPLICATE_METHOD_MATCH = YES;
				COPY_PHASE_STRIP = NO;
				DEBUG_INFORMATION_FORMAT = dwarf;
				ENABLE_STRICT_OBJC_MSGSEND = YES;
				ENABLE_TESTABILITY = YES;
				ENABLE_USER_SCRIPT_SANDBOXING = YES;
				GCC_C_LANGUAGE_STANDARD = gnu17;
				GCC_DYNAMIC_NO_PIC = NO;
				GCC_NO_COMMON_BLOCKS = YES;
				GCC_OPTIMIZATION_LEVEL = 0;
				GCC_PREPROCESSOR_DEFINITIONS = (
					"DEBUG=1",
					"$(inherited)",
				);
				GCC_WARN_64_TO_32_BIT_CONVERSION = YES;
				GCC_WARN_ABOUT_RETURN_TYPE = YES_ERROR;
				GCC_WARN_UNDECLARED_SELECTOR = YES;
				GCC_WARN_UNINITIALIZED_AUTOS = YES_AGGRESSIVE;
				GCC_WARN_UNUSED_FUNCTION = YES;
				GCC_WARN_UNUSED_VARIABLE = YES;
				IPHONEOS_DEPLOYMENT_TARGET = 18.2;
				LOCALIZATION_PREFERS_STRING_CATALOGS = YES;
				MTL_ENABLE_DEBUG_INFO = INCLUDE_SOURCE;
				MTL_FAST_MATH = YES;
				ONLY_ACTIVE_ARCH = YES;
				SDKROOT = iphoneos;
				SWIFT_ACTIVE_COMPILATION_CONDITIONS = "DEBUG $(inherited)";
				SWIFT_OPTIMIZATION_LEVEL = "-Onone";
			};
			name = Debug;
		};
		E4A5A3112D77773100631F4A /* Release */ = {
			isa = XCBuildConfiguration;
			buildSettings = {
				ALWAYS_SEARCH_USER_PATHS = NO;
				ASSETCATALOG_COMPILER_GENERATE_SWIFT_ASSET_SYMBOL_EXTENSIONS = YES;
				CLANG_ANALYZER_NONNULL = YES;
				CLANG_ANALYZER_NUMBER_OBJECT_CONVERSION = YES_AGGRESSIVE;
				CLANG_CXX_LANGUAGE_STANDARD = "gnu++20";
				CLANG_ENABLE_MODULES = YES;
				CLANG_ENABLE_OBJC_ARC = YES;
				CLANG_ENABLE_OBJC_WEAK = YES;
				CLANG_WARN_BLOCK_CAPTURE_AUTORELEASING = YES;
				CLANG_WARN_BOOL_CONVERSION = YES;
				CLANG_WARN_COMMA = YES;
				CLANG_WARN_CONSTANT_CONVERSION = YES;
				CLANG_WARN_DEPRECATED_OBJC_IMPLEMENTATIONS = YES;
				CLANG_WARN_DIRECT_OBJC_ISA_USAGE = YES_ERROR;
				CLANG_WARN_DOCUMENTATION_COMMENTS = YES;
				CLANG_WARN_EMPTY_BODY = YES;
				CLANG_WARN_ENUM_CONVERSION = YES;
				CLANG_WARN_INFINITE_RECURSION = YES;
				CLANG_WARN_INT_CONVERSION = YES;
				CLANG_WARN_NON_LITERAL_NULL_CONVERSION = YES;
				CLANG_WARN_OBJC_IMPLICIT_RETAIN_SELF = YES;
				CLANG_WARN_OBJC_LITERAL_CONVERSION = YES;
				CLANG_WARN_OBJC_ROOT_CLASS = YES_ERROR;
				CLANG_WARN_QUOTED_INCLUDE_IN_FRAMEWORK_HEADER = YES;
				CLANG_WARN_RANGE_LOOP_ANALYSIS = YES;
				CLANG_WARN_STRICT_PROTOTYPES = YES;
				CLANG_WARN_SUSPICIOUS_MOVE = YES;
				CLANG_WARN_UNGUARDED_AVAILABILITY = YES_AGGRESSIVE;
				CLANG_WARN_UNREACHABLE_CODE = YES;
				CLANG_WARN__DUPLICATE_METHOD_MATCH = YES;
				COPY_PHASE_STRIP = NO;
				DEBUG_INFORMATION_FORMAT = "dwarf-with-dsym";
				ENABLE_NS_ASSERTIONS = NO;
				ENABLE_STRICT_OBJC_MSGSEND = YES;
				ENABLE_USER_SCRIPT_SANDBOXING = YES;
				GCC_C_LANGUAGE_STANDARD = gnu17;
				GCC_NO_COMMON_BLOCKS = YES;
				GCC_WARN_64_TO_32_BIT_CONVERSION = YES;
				GCC_WARN_ABOUT_RETURN_TYPE = YES_ERROR;
				GCC_WARN_UNDECLARED_SELECTOR = YES;
				GCC_WARN_UNINITIALIZED_AUTOS = YES_AGGRESSIVE;
				GCC_WARN_UNUSED_FUNCTION = YES;
				GCC_WARN_UNUSED_VARIABLE = YES;
				IPHONEOS_DEPLOYMENT_TARGET = 18.2;
				LOCALIZATION_PREFERS_STRING_CATALOGS = YES;
				MTL_ENABLE_DEBUG_INFO = NO;
				MTL_FAST_MATH = YES;
				SDKROOT = iphoneos;
				SWIFT_COMPILATION_MODE = wholemodule;
				VALIDATE_PRODUCT = YES;
			};
			name = Release;
		};
		E4A5A3132D77773100631F4A /* Debug */ = {
			isa = XCBuildConfiguration;
			buildSettings = {
				ASSETCATALOG_COMPILER_APPICON_NAME = AppIcon;
				ASSETCATALOG_COMPILER_GLOBAL_ACCENT_COLOR_NAME = AccentColor;
				CODE_SIGN_STYLE = Automatic;
				CURRENT_PROJECT_VERSION = 1;
				DEVELOPMENT_ASSET_PATHS = "\"Met Browser/Preview Content\"";
				DEVELOPMENT_TEAM = VFK6A8UE9H;
				ENABLE_PREVIEWS = YES;
				GENERATE_INFOPLIST_FILE = YES;
				INFOPLIST_KEY_UIApplicationSceneManifest_Generation = YES;
				INFOPLIST_KEY_UIApplicationSupportsIndirectInputEvents = YES;
				INFOPLIST_KEY_UILaunchScreen_Generation = YES;
				INFOPLIST_KEY_UISupportedInterfaceOrientations_iPad = "UIInterfaceOrientationPortrait UIInterfaceOrientationPortraitUpsideDown UIInterfaceOrientationLandscapeLeft UIInterfaceOrientationLandscapeRight";
				INFOPLIST_KEY_UISupportedInterfaceOrientations_iPhone = "UIInterfaceOrientationPortrait UIInterfaceOrientationLandscapeLeft UIInterfaceOrientationLandscapeRight";
				LD_RUNPATH_SEARCH_PATHS = (
					"$(inherited)",
					"@executable_path/Frameworks",
				);
				MARKETING_VERSION = 1.0;
				PRODUCT_BUNDLE_IDENTIFIER = "com.andrewstamm.Met-Browser";
				PRODUCT_NAME = "$(TARGET_NAME)";
				SWIFT_EMIT_LOC_STRINGS = YES;
				SWIFT_VERSION = 5.0;
				TARGETED_DEVICE_FAMILY = "1,2";
			};
			name = Debug;
		};
		E4A5A3142D77773100631F4A /* Release */ = {
			isa = XCBuildConfiguration;
			buildSettings = {
				ASSETCATALOG_COMPILER_APPICON_NAME = AppIcon;
				ASSETCATALOG_COMPILER_GLOBAL_ACCENT_COLOR_NAME = AccentColor;
				CODE_SIGN_STYLE = Automatic;
				CURRENT_PROJECT_VERSION = 1;
				DEVELOPMENT_ASSET_PATHS = "\"Met Browser/Preview Content\"";
				DEVELOPMENT_TEAM = VFK6A8UE9H;
				ENABLE_PREVIEWS = YES;
				GENERATE_INFOPLIST_FILE = YES;
				INFOPLIST_KEY_UIApplicationSceneManifest_Generation = YES;
				INFOPLIST_KEY_UIApplicationSupportsIndirectInputEvents = YES;
				INFOPLIST_KEY_UILaunchScreen_Generation = YES;
				INFOPLIST_KEY_UISupportedInterfaceOrientations_iPad = "UIInterfaceOrientationPortrait UIInterfaceOrientationPortraitUpsideDown UIInterfaceOrientationLandscapeLeft UIInterfaceOrientationLandscapeRight";
				INFOPLIST_KEY_UISupportedInterfaceOrientations_iPhone = "UIInterfaceOrientationPortrait UIInterfaceOrientationLandscapeLeft UIInterfaceOrientationLandscapeRight";
				LD_RUNPATH_SEARCH_PATHS = (
					"$(inherited)",
					"@executable_path/Frameworks",
				);
				MARKETING_VERSION = 1.0;
				PRODUCT_BUNDLE_IDENTIFIER = "com.andrewstamm.Met-Browser";
				PRODUCT_NAME = "$(TARGET_NAME)";
				SWIFT_EMIT_LOC_STRINGS = YES;
				SWIFT_VERSION = 5.0;
				TARGETED_DEVICE_FAMILY = "1,2";
			};
			name = Release;
		};
		E4A5A3162D77773100631F4A /* Debug */ = {
			isa = XCBuildConfiguration;
			buildSettings = {
				BUNDLE_LOADER = "$(TEST_HOST)";
				CODE_SIGN_STYLE = Automatic;
				CURRENT_PROJECT_VERSION = 1;
				DEVELOPMENT_TEAM = VFK6A8UE9H;
				GENERATE_INFOPLIST_FILE = YES;
				IPHONEOS_DEPLOYMENT_TARGET = 18.2;
				MARKETING_VERSION = 1.0;
				PRODUCT_BUNDLE_IDENTIFIER = "com.andrewstamm.Met-BrowserTests";
				PRODUCT_NAME = "$(TARGET_NAME)";
				SWIFT_EMIT_LOC_STRINGS = NO;
				SWIFT_VERSION = 5.0;
				TARGETED_DEVICE_FAMILY = "1,2";
				TEST_HOST = "$(BUILT_PRODUCTS_DIR)/Met Browser.app/$(BUNDLE_EXECUTABLE_FOLDER_PATH)/Met Browser";
			};
			name = Debug;
		};
		E4A5A3172D77773100631F4A /* Release */ = {
			isa = XCBuildConfiguration;
			buildSettings = {
				BUNDLE_LOADER = "$(TEST_HOST)";
				CODE_SIGN_STYLE = Automatic;
				CURRENT_PROJECT_VERSION = 1;
				DEVELOPMENT_TEAM = VFK6A8UE9H;
				GENERATE_INFOPLIST_FILE = YES;
				IPHONEOS_DEPLOYMENT_TARGET = 18.2;
				MARKETING_VERSION = 1.0;
				PRODUCT_BUNDLE_IDENTIFIER = "com.andrewstamm.Met-BrowserTests";
				PRODUCT_NAME = "$(TARGET_NAME)";
				SWIFT_EMIT_LOC_STRINGS = NO;
				SWIFT_VERSION = 5.0;
				TARGETED_DEVICE_FAMILY = "1,2";
				TEST_HOST = "$(BUILT_PRODUCTS_DIR)/Met Browser.app/$(BUNDLE_EXECUTABLE_FOLDER_PATH)/Met Browser";
			};
			name = Release;
		};
		E4A5A3192D77773100631F4A /* Debug */ = {
			isa = XCBuildConfiguration;
			buildSettings = {
				CODE_SIGN_STYLE = Automatic;
				CURRENT_PROJECT_VERSION = 1;
				DEVELOPMENT_TEAM = VFK6A8UE9H;
				GENERATE_INFOPLIST_FILE = YES;
				MARKETING_VERSION = 1.0;
				PRODUCT_BUNDLE_IDENTIFIER = "com.andrewstamm.Met-BrowserUITests";
				PRODUCT_NAME = "$(TARGET_NAME)";
				SWIFT_EMIT_LOC_STRINGS = NO;
				SWIFT_VERSION = 5.0;
				TARGETED_DEVICE_FAMILY = "1,2";
				TEST_TARGET_NAME = "Met Browser";
			};
			name = Debug;
		};
		E4A5A31A2D77773100631F4A /* Release */ = {
			isa = XCBuildConfiguration;
			buildSettings = {
				CODE_SIGN_STYLE = Automatic;
				CURRENT_PROJECT_VERSION = 1;
				DEVELOPMENT_TEAM = VFK6A8UE9H;
				GENERATE_INFOPLIST_FILE = YES;
				MARKETING_VERSION = 1.0;
				PRODUCT_BUNDLE_IDENTIFIER = "com.andrewstamm.Met-BrowserUITests";
				PRODUCT_NAME = "$(TARGET_NAME)";
				SWIFT_EMIT_LOC_STRINGS = NO;
				SWIFT_VERSION = 5.0;
				TARGETED_DEVICE_FAMILY = "1,2";
				TEST_TARGET_NAME = "Met Browser";
			};
			name = Release;
		};
/* End XCBuildConfiguration section */

/* Begin XCConfigurationList section */
		E4A5A2E92D77772F00631F4A /* Build configuration list for PBXProject "Met Browser" */ = {
			isa = XCConfigurationList;
			buildConfigurations = (
				E4A5A3102D77773100631F4A /* Debug */,
				E4A5A3112D77773100631F4A /* Release */,
			);
			defaultConfigurationIsVisible = 0;
			defaultConfigurationName = Release;
		};
		E4A5A3122D77773100631F4A /* Build configuration list for PBXNativeTarget "Met Browser" */ = {
			isa = XCConfigurationList;
			buildConfigurations = (
				E4A5A3132D77773100631F4A /* Debug */,
				E4A5A3142D77773100631F4A /* Release */,
			);
			defaultConfigurationIsVisible = 0;
			defaultConfigurationName = Release;
		};
		E4A5A3152D77773100631F4A /* Build configuration list for PBXNativeTarget "Met BrowserTests" */ = {
			isa = XCConfigurationList;
			buildConfigurations = (
				E4A5A3162D77773100631F4A /* Debug */,
				E4A5A3172D77773100631F4A /* Release */,
			);
			defaultConfigurationIsVisible = 0;
			defaultConfigurationName = Release;
		};
		E4A5A3182D77773100631F4A /* Build configuration list for PBXNativeTarget "Met BrowserUITests" */ = {
			isa = XCConfigurationList;
			buildConfigurations = (
				E4A5A3192D77773100631F4A /* Debug */,
				E4A5A31A2D77773100631F4A /* Release */,
			);
			defaultConfigurationIsVisible = 0;
			defaultConfigurationName = Release;
		};
/* End XCConfigurationList section */

/* Begin XCRemoteSwiftPackageReference section */
		E4A5A31B2D77776D00631F4A /* XCRemoteSwiftPackageReference "Alamofire" */ = {
			isa = XCRemoteSwiftPackageReference;
			repositoryURL = "https://github.com/Alamofire/Alamofire";
			requirement = {
				kind = upToNextMajorVersion;
				minimumVersion = 5.10.2;
			};
		};
/* End XCRemoteSwiftPackageReference section */

/* Begin XCSwiftPackageProductDependency section */
		E4A5A31C2D77776D00631F4A /* Alamofire */ = {
			isa = XCSwiftPackageProductDependency;
			package = E4A5A31B2D77776D00631F4A /* XCRemoteSwiftPackageReference "Alamofire" */;
			productName = Alamofire;
		};
/* End XCSwiftPackageProductDependency section */
	};
	rootObject = E4A5A2E62D77772F00631F4A /* Project object */;
}
