<?xml version="1.0" encoding="UTF-8"?>
<Scheme
   LastUpgradeVersion = "1620"
   version = "1.7">
   <BuildAction
      parallelizeBuildables = "YES"
      buildImplicitDependencies = "YES"
      buildArchitectures = "Automatic">
      <BuildActionEntries>
         <BuildActionEntry
            buildForTesting = "YES"
            buildForRunning = "YES"
            buildForProfiling = "YES"
            buildForArchiving = "YES"
            buildForAnalyzing = "YES">
            <BuildableReference
               BuildableIdentifier = "primary"
               BlueprintIdentifier = "E4A5A2ED2D77772F00631F4A"
               BuildableName = "Met Browser.app"
               BlueprintName = "Met Browser"
               ReferencedContainer = "container:Met Browser.xcodeproj">
            </BuildableReference>
         </BuildActionEntry>
      </BuildActionEntries>
   </BuildAction>
   <TestAction
      buildConfiguration = "Debug"
      selectedDebuggerIdentifier = "Xcode.DebuggerFoundation.Debugger.LLDB"
      selectedLauncherIdentifier = "Xcode.DebuggerFoundation.Launcher.LLDB"
      shouldUseLaunchSchemeArgsEnv = "YES">
      <TestPlans>
         <TestPlanReference
            reference = "container:Met Browser.xctestplan"
            default = "YES">
         </TestPlanReference>
      </TestPlans>
      <Testables>
         <TestableReference
            skipped = "NO"
            parallelizable = "YES">
            <BuildableReference
               BuildableIdentifier = "primary"
               BlueprintIdentifier = "E4A5A2FD2D77773100631F4A"
               BuildableName = "Met BrowserTests.xctest"
               BlueprintName = "Met BrowserTests"
               ReferencedContainer = "container:Met Browser.xcodeproj">
            </BuildableReference>
         </TestableReference>
         <TestableReference
            skipped = "NO"
            parallelizable = "YES">
            <BuildableReference
               BuildableIdentifier = "primary"
               BlueprintIdentifier = "E4A5A3072D77773100631F4A"
               BuildableName = "Met BrowserUITests.xctest"
               BlueprintName = "Met BrowserUITests"
               ReferencedContainer = "container:Met Browser.xcodeproj">
            </BuildableReference>
         </TestableReference>
      </Testables>
   </TestAction>
   <LaunchAction
      buildConfiguration = "Debug"
      selectedDebuggerIdentifier = "Xcode.DebuggerFoundation.Debugger.LLDB"
      selectedLauncherIdentifier = "Xcode.DebuggerFoundation.Launcher.LLDB"
      launchStyle = "0"
      useCustomWorkingDirectory = "NO"
      ignoresPersistentStateOnLaunch = "NO"
      debugDocumentVersioning = "YES"
      debugServiceExtension = "internal"
      allowLocationSimulation = "YES">
      <BuildableProductRunnable
         runnableDebuggingMode = "0">
         <BuildableReference
            BuildableIdentifier = "primary"
            BlueprintIdentifier = "E4A5A2ED2D77772F00631F4A"
            BuildableName = "Met Browser.app"
            BlueprintName = "Met Browser"
            ReferencedContainer = "container:Met Browser.xcodeproj">
         </BuildableReference>
      </BuildableProductRunnable>
   </LaunchAction>
   <ProfileAction
      buildConfiguration = "Release"
      shouldUseLaunchSchemeArgsEnv = "YES"
      savedToolIdentifier = ""
      useCustomWorkingDirectory = "NO"
      debugDocumentVersioning = "YES">
      <BuildableProductRunnable
         runnableDebuggingMode = "0">
         <BuildableReference
            BuildableIdentifier = "primary"
            BlueprintIdentifier = "E4A5A2ED2D77772F00631F4A"
            BuildableName = "Met Browser.app"
            BlueprintName = "Met Browser"
            ReferencedContainer = "container:Met Browser.xcodeproj">
         </BuildableReference>
      </BuildableProductRunnable>
   </ProfileAction>
   <AnalyzeAction
      buildConfiguration = "Debug">
   </AnalyzeAction>
   <ArchiveAction
      buildConfiguration = "Release"
      revealArchiveInOrganizer = "YES">
   </ArchiveAction>
</Scheme>
